
Microsoft Visual Studio Solution File, Format Version 12.00
# Visual Studio Version 16
VisualStudioVersion = 16.0.31025.194
MinimumVisualStudioVersion = 10.0.40219.1
Project("{9A19103F-16F7-4668-BE54-9A1E7A4F7556}") = "DataAccess", "DataAccess\DataAccess.csproj", "{C73907B6-C9EB-4E83-B795-F6037ADF1E85}"
EndProject
Project("{9A19103F-16F7-4668-BE54-9A1E7A4F7556}") = "Entities", "Entities\Entities.csproj", "{FB73F8D4-B6EF-4BB5-83EB-97E402FD6529}"
EndProject
Project("{9A19103F-16F7-4668-BE54-9A1E7A4F7556}") = "Business", "Business\Business.csproj", "{E9D60086-0F46-4892-80D2-638CC649544A}"
EndProject
Project("{9A19103F-16F7-4668-BE54-9A1E7A4F7556}") = "ConsoleUI", "ConsoleUI\ConsoleUI.csproj", "{8A9340CD-E45E-47A0-B055-7F792CB2B67D}"
EndProject
Project("{9A19103F-16F7-4668-BE54-9A1E7A4F7556}") = "Core", "Core\Core.csproj", "{904487ED-DB48-4196-9292-6AFBE746A60C}"
EndProject
Project("{FAE04EC0-301F-11D3-BF4B-00C04F79EFBC}") = "WebAPI", "WebAPI\WebAPI.csproj", "{17EAD080-FBD4-4A99-BD3C-A66C21BA2343}"
EndProject
Global
	GlobalSection(SolutionConfigurationPlatforms) = preSolution
		Debug|Any CPU = Debug|Any CPU
		Release|Any CPU = Release|Any CPU
	EndGlobalSection
	GlobalSection(ProjectConfigurationPlatforms) = postSolution
		{C73907B6-C9EB-4E83-B795-F6037ADF1E85}.Debug|Any CPU.ActiveCfg = Debug|Any CPU
		{C73907B6-C9EB-4E83-B795-F6037ADF1E85}.Debug|Any CPU.Build.0 = Debug|Any CPU
		{C73907B6-C9EB-4E83-B795-F6037ADF1E85}.Release|Any CPU.ActiveCfg = Release|Any CPU
		{C73907B6-C9EB-4E83-B795-F6037ADF1E85}.Release|Any CPU.Build.0 = Release|Any CPU
		{FB73F8D4-B6EF-4BB5-83EB-97E402FD6529}.Debug|Any CPU.ActiveCfg = Debug|Any CPU
		{FB73F8D4-B6EF-4BB5-83EB-97E402FD6529}.Debug|Any CPU.Build.0 = Debug|Any CPU
		{FB73F8D4-B6EF-4BB5-83EB-97E402FD6529}.Release|Any CPU.ActiveCfg = Release|Any CPU
		{FB73F8D4-B6EF-4BB5-83EB-97E402FD6529}.Release|Any CPU.Build.0 = Release|Any CPU
		{E9D60086-0F46-4892-80D2-638CC649544A}.Debug|Any CPU.ActiveCfg = Debug|Any CPU
		{E9D60086-0F46-4892-80D2-638CC649544A}.Debug|Any CPU.Build.0 = Debug|Any CPU
		{E9D60086-0F46-4892-80D2-638CC649544A}.Release|Any CPU.ActiveCfg = Release|Any CPU
		{E9D60086-0F46-4892-80D2-638CC649544A}.Release|Any CPU.Build.0 = Release|Any CPU
		{8A9340CD-E45E-47A0-B055-7F792CB2B67D}.Debug|Any CPU.ActiveCfg = Debug|Any CPU
		{8A9340CD-E45E-47A0-B055-7F792CB2B67D}.Debug|Any CPU.Build.0 = Debug|Any CPU
		{8A9340CD-E45E-47A0-B055-7F792CB2B67D}.Release|Any CPU.ActiveCfg = Release|Any CPU
		{8A9340CD-E45E-47A0-B055-7F792CB2B67D}.Release|Any CPU.Build.0 = Release|Any CPU
		{904487ED-DB48-4196-9292-6AFBE746A60C}.Debug|Any CPU.ActiveCfg = Debug|Any CPU
		{904487ED-DB48-4196-9292-6AFBE746A60C}.Debug|Any CPU.Build.0 = Debug|Any CPU
		{904487ED-DB48-4196-9292-6AFBE746A60C}.Release|Any CPU.ActiveCfg = Release|Any CPU
		{904487ED-DB48-4196-9292-6AFBE746A60C}.Release|Any CPU.Build.0 = Release|Any CPU
		{17EAD080-FBD4-4A99-BD3C-A66C21BA2343}.Debug|Any CPU.ActiveCfg = Debug|Any CPU
		{17EAD080-FBD4-4A99-BD3C-A66C21BA2343}.Debug|Any CPU.Build.0 = Debug|Any CPU
		{17EAD080-FBD4-4A99-BD3C-A66C21BA2343}.Release|Any CPU.ActiveCfg = Release|Any CPU
		{17EAD080-FBD4-4A99-BD3C-A66C21BA2343}.Release|Any CPU.Build.0 = Release|Any CPU
	EndGlobalSection
	GlobalSection(SolutionProperties) = preSolution
		HideSolutionNode = FALSE
	EndGlobalSection
	GlobalSection(ExtensibilityGlobals) = postSolution
		SolutionGuid = {7D1D3824-C03F-4790-A904-4619A42F427B}
	EndGlobalSection
EndGlobal
